
Microsoft Visual Studio Solution File, Format Version 12.00
# Visual Studio Version 17
VisualStudioVersion = 17.9.34622.214
MinimumVisualStudioVersion = 10.0.40219.1
Project("{FAE04EC0-301F-11D3-BF4B-00C04F79EFBC}") = "contactsAPI", "contactsAPI\contactsAPI.csproj", "{AB0322D3-DFD3-455D-9385-AF68000B3DB1}"
EndProject
Global
	GlobalSection(SolutionConfigurationPlatforms) = preSolution
		Debug|Any CPU = Debug|Any CPU
		Release|Any CPU = Release|Any CPU
	EndGlobalSection
	GlobalSection(ProjectConfigurationPlatforms) = postSolution
		{AB0322D3-DFD3-455D-9385-AF68000B3DB1}.Debug|Any CPU.ActiveCfg = Debug|Any CPU
		{AB0322D3-DFD3-455D-9385-AF68000B3DB1}.Debug|Any CPU.Build.0 = Debug|Any CPU
		{AB0322D3-DFD3-455D-9385-AF68000B3DB1}.Release|Any CPU.ActiveCfg = Release|Any CPU
		{AB0322D3-DFD3-455D-9385-AF68000B3DB1}.Release|Any CPU.Build.0 = Release|Any CPU
	EndGlobalSection
	GlobalSection(SolutionProperties) = preSolution
		HideSolutionNode = FALSE
	EndGlobalSection
	GlobalSection(ExtensibilityGlobals) = postSolution
		SolutionGuid = {5C99D01E-7292-456A-BF33-D00C209910C1}
	EndGlobalSection
EndGlobal
